<Solution>
  <Folder Name="/docs/">
    <File Path="README.md" />
  </Folder>
  <Folder Name="/docs/adr/" />
  <Folder Name="/docs/architecture/">
    <File Path="layered-architecture.md" />
  </Folder>
  <Folder Name="/docs/domain/" />
  <Folder Name="/docs/use-cases/" />
  <Project Path="RadiationMonitor.Application/RadiationMonitor.Application.csproj" />
  <Project Path="RadiationMonitor.DetectorSimulator/RadiationMonitor.DetectorSimulator.csproj" />
  <Project Path="RadiationMonitor.Domain/RadiationMonitor.Domain.csproj" />
  <Project Path="RadiationMonitor.Infrastructure/RadiationMonitor.Infrastructure.csproj" />
  <Project Path="RadiationMonitor.Tests/RadiationMonitor.Tests.csproj" />
  <Project Path="RadiationMonitor/RadiationMonitor.API.csproj" />
</Solution>
