<Solution>
  <Project Path="RadiationMonitor.Application/RadiationMonitor.Application.csproj" />
  <Project Path="RadiationMonitor.DetectorSimulator/RadiationMonitor.DetectorSimulator.csproj" />
  <Project Path="RadiationMonitor.Domain/RadiationMonitor.Domain.csproj" />
  <Project Path="RadiationMonitor.Infrastructure/RadiationMonitor.Infrastructure.csproj" />
  <Project Path="RadiationMonitor.Tests/RadiationMonitor.Tests.csproj" />
  <Project Path="RadiationMonitor/RadiationMonitor.API.csproj" />
</Solution>
